
Microsoft Visual Studio Solution File, Format Version 12.00
# Visual Studio 14
VisualStudioVersion = 14.0.25420.1
MinimumVisualStudioVersion = 10.0.40219.1
Project("{00D1A9C2-B5F0-4AF3-8072-F6C62B433612}") = "Northwind(tasks 1-2)", "Northwind(tasks 1-2)\Northwind(tasks 1-2).sqlproj", "{90430B98-D2C8-43FF-9FB1-559F0732914B}"
EndProject
Project("{00D1A9C2-B5F0-4AF3-8072-F6C62B433612}") = "Northwind.1.0", "Northwind.1.0\Northwind.1.0.sqlproj", "{55B75BC6-CEF2-4FF4-94B0-11DFDBD04A0C}"
EndProject
Project("{00D1A9C2-B5F0-4AF3-8072-F6C62B433612}") = "Northwind.1.1", "Northwind.1.1\Northwind.1.1.sqlproj", "{0DB826F5-4C14-4986-B232-39499AB29C3D}"
EndProject
Project("{00D1A9C2-B5F0-4AF3-8072-F6C62B433612}") = "Northwind.1.3", "Northwind.1.3\Northwind.1.3.sqlproj", "{F043DE8D-7ADA-4D65-BC58-BADB550A2F43}"
EndProject
Global
	GlobalSection(SolutionConfigurationPlatforms) = preSolution
		Debug|Any CPU = Debug|Any CPU
		Release|Any CPU = Release|Any CPU
	EndGlobalSection
	GlobalSection(ProjectConfigurationPlatforms) = postSolution
		{90430B98-D2C8-43FF-9FB1-559F0732914B}.Debug|Any CPU.ActiveCfg = Debug|Any CPU
		{90430B98-D2C8-43FF-9FB1-559F0732914B}.Debug|Any CPU.Build.0 = Debug|Any CPU
		{90430B98-D2C8-43FF-9FB1-559F0732914B}.Debug|Any CPU.Deploy.0 = Debug|Any CPU
		{90430B98-D2C8-43FF-9FB1-559F0732914B}.Release|Any CPU.ActiveCfg = Release|Any CPU
		{90430B98-D2C8-43FF-9FB1-559F0732914B}.Release|Any CPU.Build.0 = Release|Any CPU
		{90430B98-D2C8-43FF-9FB1-559F0732914B}.Release|Any CPU.Deploy.0 = Release|Any CPU
		{55B75BC6-CEF2-4FF4-94B0-11DFDBD04A0C}.Debug|Any CPU.ActiveCfg = Debug|Any CPU
		{55B75BC6-CEF2-4FF4-94B0-11DFDBD04A0C}.Debug|Any CPU.Build.0 = Debug|Any CPU
		{55B75BC6-CEF2-4FF4-94B0-11DFDBD04A0C}.Debug|Any CPU.Deploy.0 = Debug|Any CPU
		{55B75BC6-CEF2-4FF4-94B0-11DFDBD04A0C}.Release|Any CPU.ActiveCfg = Release|Any CPU
		{55B75BC6-CEF2-4FF4-94B0-11DFDBD04A0C}.Release|Any CPU.Build.0 = Release|Any CPU
		{55B75BC6-CEF2-4FF4-94B0-11DFDBD04A0C}.Release|Any CPU.Deploy.0 = Release|Any CPU
		{0DB826F5-4C14-4986-B232-39499AB29C3D}.Debug|Any CPU.ActiveCfg = Debug|Any CPU
		{0DB826F5-4C14-4986-B232-39499AB29C3D}.Debug|Any CPU.Build.0 = Debug|Any CPU
		{0DB826F5-4C14-4986-B232-39499AB29C3D}.Debug|Any CPU.Deploy.0 = Debug|Any CPU
		{0DB826F5-4C14-4986-B232-39499AB29C3D}.Release|Any CPU.ActiveCfg = Release|Any CPU
		{0DB826F5-4C14-4986-B232-39499AB29C3D}.Release|Any CPU.Build.0 = Release|Any CPU
		{0DB826F5-4C14-4986-B232-39499AB29C3D}.Release|Any CPU.Deploy.0 = Release|Any CPU
		{F043DE8D-7ADA-4D65-BC58-BADB550A2F43}.Debug|Any CPU.ActiveCfg = Debug|Any CPU
		{F043DE8D-7ADA-4D65-BC58-BADB550A2F43}.Debug|Any CPU.Build.0 = Debug|Any CPU
		{F043DE8D-7ADA-4D65-BC58-BADB550A2F43}.Debug|Any CPU.Deploy.0 = Debug|Any CPU
		{F043DE8D-7ADA-4D65-BC58-BADB550A2F43}.Release|Any CPU.ActiveCfg = Release|Any CPU
		{F043DE8D-7ADA-4D65-BC58-BADB550A2F43}.Release|Any CPU.Build.0 = Release|Any CPU
		{F043DE8D-7ADA-4D65-BC58-BADB550A2F43}.Release|Any CPU.Deploy.0 = Release|Any CPU
	EndGlobalSection
	GlobalSection(SolutionProperties) = preSolution
		HideSolutionNode = FALSE
	EndGlobalSection
EndGlobal
